
Microsoft Visual Studio Solution File, Format Version 12.00
# Visual Studio Version 17
VisualStudioVersion = 17.6.33815.320
MinimumVisualStudioVersion = 10.0.40219.1
Project("{9A19103F-16F7-4668-BE54-9A1E7A4F7556}") = "Hangman", "Hangman.csproj", "{ADE1BD31-EA13-454B-9946-9D55A5B3BCCE}"
EndProject
Global
	GlobalSection(SolutionConfigurationPlatforms) = preSolution
		Debug|Any CPU = Debug|Any CPU
		Release|Any CPU = Release|Any CPU
	EndGlobalSection
	GlobalSection(ProjectConfigurationPlatforms) = postSolution
		{ADE1BD31-EA13-454B-9946-9D55A5B3BCCE}.Debug|Any CPU.ActiveCfg = Debug|Any CPU
		{ADE1BD31-EA13-454B-9946-9D55A5B3BCCE}.Debug|Any CPU.Build.0 = Debug|Any CPU
		{ADE1BD31-EA13-454B-9946-9D55A5B3BCCE}.Release|Any CPU.ActiveCfg = Release|Any CPU
		{ADE1BD31-EA13-454B-9946-9D55A5B3BCCE}.Release|Any CPU.Build.0 = Release|Any CPU
	EndGlobalSection
	GlobalSection(SolutionProperties) = preSolution
		HideSolutionNode = FALSE
	EndGlobalSection
	GlobalSection(ExtensibilityGlobals) = postSolution
		SolutionGuid = {312D077F-9A1A-4375-BFA9-B61AC431FEF3}
	EndGlobalSection
EndGlobal
